
Microsoft Visual Studio Solution File, Format Version 12.00
# Visual Studio Version 17
VisualStudioVersion = 17.0.31903.59
MinimumVisualStudioVersion = 10.0.40219.1
Project("{2150E333-8FDC-42A3-9474-1A3956D46DE8}") = "Building Blocks", "Building Blocks", "{5C3D9B89-98CD-48E6-9817-790BC6620974}"
EndProject
Project("{2150E333-8FDC-42A3-9474-1A3956D46DE8}") = "Services", "Services", "{9E9F436A-4009-4A44-BD75-1C08A8DC4360}"
EndProject
Project("{2150E333-8FDC-42A3-9474-1A3956D46DE8}") = "Web", "Web", "{325A081A-E371-459B-8331-717EC1A75511}"
EndProject
Project("{2150E333-8FDC-42A3-9474-1A3956D46DE8}") = "Identidade", "Identidade", "{E387A907-6006-4B4C-844F-57EA09DBC6D0}"
EndProject
Project("{FAE04EC0-301F-11D3-BF4B-00C04F79EFBC}") = "NSE.Identidade.API", "NSE.Identidade.API\NSE.Identidade.API.csproj", "{A0E75A8C-A641-4DCE-AE36-98D0F5052DD1}"
EndProject
Project("{2150E333-8FDC-42A3-9474-1A3956D46DE8}") = "MVC", "MVC", "{4DDD1696-1B5C-4DFC-AC2A-D9DEE3B5581A}"
EndProject
Project("{FAE04EC0-301F-11D3-BF4B-00C04F79EFBC}") = "NSE.WebApp.MVC", "NSE.WebApp.MVC\NSE.WebApp.MVC.csproj", "{17190C08-AA1C-4A06-BF16-310406EB19BD}"
EndProject
Project("{2150E333-8FDC-42A3-9474-1A3956D46DE8}") = "Core", "Core", "{FB0BAECA-40AF-4322-B96B-236D89FBBD8E}"
EndProject
Project("{FAE04EC0-301F-11D3-BF4B-00C04F79EFBC}") = "NSE.Core", "NSE.Core\NSE.Core.csproj", "{D537D164-A2CD-4130-BFF5-BB0F2A4137B3}"
EndProject
Project("{2150E333-8FDC-42A3-9474-1A3956D46DE8}") = "Carrinho", "Carrinho", "{EE42B56C-95B9-4B5C-B205-CFEB8D31CD51}"
EndProject
Project("{FAE04EC0-301F-11D3-BF4B-00C04F79EFBC}") = "NSE.Carrinho.API", "NSE.Carrinho.API\NSE.Carrinho.API.csproj", "{D4C52251-264E-4F29-B7ED-9F16DF206BD8}"
EndProject
Project("{2150E333-8FDC-42A3-9474-1A3956D46DE8}") = "Catalogo", "Catalogo", "{1AA7B55B-CA2B-4671-ABEA-83CA2F48FA7E}"
EndProject
Project("{FAE04EC0-301F-11D3-BF4B-00C04F79EFBC}") = "NSE.Catalogo.API", "NSE.Catalogo.API\NSE.Catalogo.API.csproj", "{1B804458-E4CB-476C-B241-8DD9C3A3A95B}"
EndProject
Project("{FAE04EC0-301F-11D3-BF4B-00C04F79EFBC}") = "NSE.Cliente.API", "NSE.Cliente.API\NSE.Cliente.API.csproj", "{F6D92616-0DBD-4ACE-8F53-2AB3149DDE24}"
EndProject
Project("{FAE04EC0-301F-11D3-BF4B-00C04F79EFBC}") = "NSE.Pagamento.API", "NSE.Pagamento.API\NSE.Pagamento.API.csproj", "{E06B73D3-2BE0-4662-B8C4-F5543F61A08C}"
EndProject
Project("{FAE04EC0-301F-11D3-BF4B-00C04F79EFBC}") = "NSE.Pedido.API", "NSE.Pedido.API\NSE.Pedido.API.csproj", "{595ECAA0-2B25-441F-8861-7961FF26E0D2}"
EndProject
Project("{2150E333-8FDC-42A3-9474-1A3956D46DE8}") = "Cliente", "Cliente", "{3F16CD40-0561-4426-A707-F75953FE088B}"
EndProject
Project("{2150E333-8FDC-42A3-9474-1A3956D46DE8}") = "Pedido", "Pedido", "{CA046D23-EF53-45A0-8F45-3ED06F144169}"
EndProject
Project("{2150E333-8FDC-42A3-9474-1A3956D46DE8}") = "Pagamento", "Pagamento", "{576AF1C4-2934-4CDA-8C0A-63A1238CFC8B}"
EndProject
Global
	GlobalSection(SolutionConfigurationPlatforms) = preSolution
		Debug|Any CPU = Debug|Any CPU
		Release|Any CPU = Release|Any CPU
	EndGlobalSection
	GlobalSection(SolutionProperties) = preSolution
		HideSolutionNode = FALSE
	EndGlobalSection
	GlobalSection(NestedProjects) = preSolution
		{595ECAA0-2B25-441F-8861-7961FF26E0D2} = {CA046D23-EF53-45A0-8F45-3ED06F144169}
		{E06B73D3-2BE0-4662-B8C4-F5543F61A08C} = {576AF1C4-2934-4CDA-8C0A-63A1238CFC8B}
		{F6D92616-0DBD-4ACE-8F53-2AB3149DDE24} = {3F16CD40-0561-4426-A707-F75953FE088B}
		{1B804458-E4CB-476C-B241-8DD9C3A3A95B} = {1AA7B55B-CA2B-4671-ABEA-83CA2F48FA7E}
		{576AF1C4-2934-4CDA-8C0A-63A1238CFC8B} = {9E9F436A-4009-4A44-BD75-1C08A8DC4360}
		{CA046D23-EF53-45A0-8F45-3ED06F144169} = {9E9F436A-4009-4A44-BD75-1C08A8DC4360}
		{3F16CD40-0561-4426-A707-F75953FE088B} = {9E9F436A-4009-4A44-BD75-1C08A8DC4360}
		{1AA7B55B-CA2B-4671-ABEA-83CA2F48FA7E} = {9E9F436A-4009-4A44-BD75-1C08A8DC4360}
		{D4C52251-264E-4F29-B7ED-9F16DF206BD8} = {EE42B56C-95B9-4B5C-B205-CFEB8D31CD51}
		{EE42B56C-95B9-4B5C-B205-CFEB8D31CD51} = {9E9F436A-4009-4A44-BD75-1C08A8DC4360}
		{D537D164-A2CD-4130-BFF5-BB0F2A4137B3} = {FB0BAECA-40AF-4322-B96B-236D89FBBD8E}
		{FB0BAECA-40AF-4322-B96B-236D89FBBD8E} = {5C3D9B89-98CD-48E6-9817-790BC6620974}
		{17190C08-AA1C-4A06-BF16-310406EB19BD} = {4DDD1696-1B5C-4DFC-AC2A-D9DEE3B5581A}
		{4DDD1696-1B5C-4DFC-AC2A-D9DEE3B5581A} = {325A081A-E371-459B-8331-717EC1A75511}
		{A0E75A8C-A641-4DCE-AE36-98D0F5052DD1} = {E387A907-6006-4B4C-844F-57EA09DBC6D0}
		{E387A907-6006-4B4C-844F-57EA09DBC6D0} = {9E9F436A-4009-4A44-BD75-1C08A8DC4360}
	EndGlobalSection
	GlobalSection(ProjectConfigurationPlatforms) = postSolution
		{A0E75A8C-A641-4DCE-AE36-98D0F5052DD1}.Debug|Any CPU.ActiveCfg = Debug|Any CPU
		{A0E75A8C-A641-4DCE-AE36-98D0F5052DD1}.Debug|Any CPU.Build.0 = Debug|Any CPU
		{A0E75A8C-A641-4DCE-AE36-98D0F5052DD1}.Release|Any CPU.ActiveCfg = Release|Any CPU
		{A0E75A8C-A641-4DCE-AE36-98D0F5052DD1}.Release|Any CPU.Build.0 = Release|Any CPU
		{17190C08-AA1C-4A06-BF16-310406EB19BD}.Debug|Any CPU.ActiveCfg = Debug|Any CPU
		{17190C08-AA1C-4A06-BF16-310406EB19BD}.Debug|Any CPU.Build.0 = Debug|Any CPU
		{17190C08-AA1C-4A06-BF16-310406EB19BD}.Release|Any CPU.ActiveCfg = Release|Any CPU
		{17190C08-AA1C-4A06-BF16-310406EB19BD}.Release|Any CPU.Build.0 = Release|Any CPU
		{D537D164-A2CD-4130-BFF5-BB0F2A4137B3}.Debug|Any CPU.ActiveCfg = Debug|Any CPU
		{D537D164-A2CD-4130-BFF5-BB0F2A4137B3}.Debug|Any CPU.Build.0 = Debug|Any CPU
		{D537D164-A2CD-4130-BFF5-BB0F2A4137B3}.Release|Any CPU.ActiveCfg = Release|Any CPU
		{D537D164-A2CD-4130-BFF5-BB0F2A4137B3}.Release|Any CPU.Build.0 = Release|Any CPU
		{D4C52251-264E-4F29-B7ED-9F16DF206BD8}.Debug|Any CPU.ActiveCfg = Debug|Any CPU
		{D4C52251-264E-4F29-B7ED-9F16DF206BD8}.Debug|Any CPU.Build.0 = Debug|Any CPU
		{D4C52251-264E-4F29-B7ED-9F16DF206BD8}.Release|Any CPU.ActiveCfg = Release|Any CPU
		{D4C52251-264E-4F29-B7ED-9F16DF206BD8}.Release|Any CPU.Build.0 = Release|Any CPU
		{1B804458-E4CB-476C-B241-8DD9C3A3A95B}.Debug|Any CPU.ActiveCfg = Debug|Any CPU
		{1B804458-E4CB-476C-B241-8DD9C3A3A95B}.Debug|Any CPU.Build.0 = Debug|Any CPU
		{1B804458-E4CB-476C-B241-8DD9C3A3A95B}.Release|Any CPU.ActiveCfg = Release|Any CPU
		{1B804458-E4CB-476C-B241-8DD9C3A3A95B}.Release|Any CPU.Build.0 = Release|Any CPU
		{F6D92616-0DBD-4ACE-8F53-2AB3149DDE24}.Debug|Any CPU.ActiveCfg = Debug|Any CPU
		{F6D92616-0DBD-4ACE-8F53-2AB3149DDE24}.Debug|Any CPU.Build.0 = Debug|Any CPU
		{F6D92616-0DBD-4ACE-8F53-2AB3149DDE24}.Release|Any CPU.ActiveCfg = Release|Any CPU
		{F6D92616-0DBD-4ACE-8F53-2AB3149DDE24}.Release|Any CPU.Build.0 = Release|Any CPU
		{E06B73D3-2BE0-4662-B8C4-F5543F61A08C}.Debug|Any CPU.ActiveCfg = Debug|Any CPU
		{E06B73D3-2BE0-4662-B8C4-F5543F61A08C}.Debug|Any CPU.Build.0 = Debug|Any CPU
		{E06B73D3-2BE0-4662-B8C4-F5543F61A08C}.Release|Any CPU.ActiveCfg = Release|Any CPU
		{E06B73D3-2BE0-4662-B8C4-F5543F61A08C}.Release|Any CPU.Build.0 = Release|Any CPU
		{595ECAA0-2B25-441F-8861-7961FF26E0D2}.Debug|Any CPU.ActiveCfg = Debug|Any CPU
		{595ECAA0-2B25-441F-8861-7961FF26E0D2}.Debug|Any CPU.Build.0 = Debug|Any CPU
		{595ECAA0-2B25-441F-8861-7961FF26E0D2}.Release|Any CPU.ActiveCfg = Release|Any CPU
		{595ECAA0-2B25-441F-8861-7961FF26E0D2}.Release|Any CPU.Build.0 = Release|Any CPU
	EndGlobalSection
EndGlobal
